// !$*UTF8*$!
{
	archiveVersion = 1;
	classes = {
	};
	objectVersion = 56;
	objects = {

/* Begin PBXBuildFile section */
		4B2EC3D42A1B7C980090A8D4 /* SneakFeetApp.swift in Sources */ = {isa = PBXBuildFile; fileRef = 4B2EC3D32A1B7C980090A8D4 /* SneakFeetApp.swift */; };
		4B2EC3D62A1B7C980090A8D4 /* ContentView.swift in Sources */ = {isa = PBXBuildFile; fileRef = 4B2EC3D52A1B7C980090A8D4 /* ContentView.swift */; };
		4B2EC3D82A1B7C9A0090A8D4 /* Assets.xcassets in Resources */ = {isa = PBXBuildFile; fileRef = 4B2EC3D72A1B7C9A0090A8D4 /* Assets.xcassets */; };
		4B2EC3DB2A1B7C9A0090A8D4 /* Preview Assets.xcassets in Resources */ = {isa = PBXBuildFile; fileRef = 4B2EC3DA2A1B7C9A0090A8D4 /* Preview Assets.xcassets */; };
		4B2EC3E32A1B7D080090A8D4 /* FirstOnboardingScreen.swift in Sources */ = {isa = PBXBuildFile; fileRef = 4B2EC3E22A1B7D080090A8D4 /* FirstOnboardingScreen.swift */; };
		4B2EC3E52A1B7D1B0090A8D4 /* SecondOnboardingScreen.swift in Sources */ = {isa = PBXBuildFile; fileRef = 4B2EC3E42A1B7D1B0090A8D4 /* SecondOnboardingScreen.swift */; };
		4B2EC3E72A1B7D2D0090A8D4 /* ThirdOnboardingScreen.swift in Sources */ = {isa = PBXBuildFile; fileRef = 4B2EC3E62A1B7D2D0090A8D4 /* ThirdOnboardingScreen.swift */; };
		4B2EC3E92A1B806D0090A8D4 /* OnboardingScreen.swift in Sources */ = {isa = PBXBuildFile; fileRef = 4B2EC3E82A1B806D0090A8D4 /* OnboardingScreen.swift */; };
		4B2EC3EC2A1B89480090A8D4 /* CustomButton.swift in Sources */ = {isa = PBXBuildFile; fileRef = 4B2EC3EB2A1B89480090A8D4 /* CustomButton.swift */; };
		4B2EC3EF2A1B9D900090A8D4 /* WelcomeScreenView.swift in Sources */ = {isa = PBXBuildFile; fileRef = 4B2EC3EE2A1B9D900090A8D4 /* WelcomeScreenView.swift */; };
		4B2EC3F22A1BA6DA0090A8D4 /* SignUpScreen.swift in Sources */ = {isa = PBXBuildFile; fileRef = 4B2EC3F12A1BA6DA0090A8D4 /* SignUpScreen.swift */; };
		4B2EC3F42A1BA6EF0090A8D4 /* SignInScreen.swift in Sources */ = {isa = PBXBuildFile; fileRef = 4B2EC3F32A1BA6EE0090A8D4 /* SignInScreen.swift */; };
		4B2EC3F72A1DF8610090A8D4 /* CatalogScreenView.swift in Sources */ = {isa = PBXBuildFile; fileRef = 4B2EC3F62A1DF8610090A8D4 /* CatalogScreenView.swift */; };
		4B2EC3F92A1DF8830090A8D4 /* MainScreenView.swift in Sources */ = {isa = PBXBuildFile; fileRef = 4B2EC3F82A1DF8830090A8D4 /* MainScreenView.swift */; };
		4B2EC3FD2A1DF8BE0090A8D4 /* ProfileScreenView.swift in Sources */ = {isa = PBXBuildFile; fileRef = 4B2EC3FC2A1DF8BE0090A8D4 /* ProfileScreenView.swift */; };
		4B2EC3FF2A1E09720090A8D4 /* WebView.swift in Sources */ = {isa = PBXBuildFile; fileRef = 4B2EC3FE2A1E09720090A8D4 /* WebView.swift */; };
		4B2EC4022A1E108D0090A8D4 /* AccountInfoScreenView.swift in Sources */ = {isa = PBXBuildFile; fileRef = 4B2EC4012A1E108D0090A8D4 /* AccountInfoScreenView.swift */; };
		4B2EC4042A1E14180090A8D4 /* ShoeSizeScreenView.swift in Sources */ = {isa = PBXBuildFile; fileRef = 4B2EC4032A1E14180090A8D4 /* ShoeSizeScreenView.swift */; };
		4B2EC4072A1E1B8C0090A8D4 /* SneakFeetModal.swift in Sources */ = {isa = PBXBuildFile; fileRef = 4B2EC4062A1E1B8C0090A8D4 /* SneakFeetModal.swift */; };
		4B2EC40E2A1E3AFC0090A8D4 /* CotologCardsRow.swift in Sources */ = {isa = PBXBuildFile; fileRef = 4B2EC40D2A1E3AFC0090A8D4 /* CotologCardsRow.swift */; };
		4B2EC4112A1E4C3E0090A8D4 /* CartScreenView.swift in Sources */ = {isa = PBXBuildFile; fileRef = 4B2EC4102A1E4C3E0090A8D4 /* CartScreenView.swift */; };
		4B2EC4132A1E53820090A8D4 /* CustomChoose.swift in Sources */ = {isa = PBXBuildFile; fileRef = 4B2EC4122A1E53820090A8D4 /* CustomChoose.swift */; };
		4B2EC4192A1F3B8A0090A8D4 /* CartListScreenView.swift in Sources */ = {isa = PBXBuildFile; fileRef = 4B2EC4182A1F3B8A0090A8D4 /* CartListScreenView.swift */; };
		4B2EC41B2A1F3BA50090A8D4 /* ListDesignView.swift in Sources */ = {isa = PBXBuildFile; fileRef = 4B2EC41A2A1F3BA50090A8D4 /* ListDesignView.swift */; };
/* End PBXBuildFile section */

/* Begin PBXFileReference section */
		4B2EC3D02A1B7C980090A8D4 /* SneakFeet.app */ = {isa = PBXFileReference; explicitFileType = wrapper.application; includeInIndex = 0; path = SneakFeet.app; sourceTree = BUILT_PRODUCTS_DIR; };
		4B2EC3D32A1B7C980090A8D4 /* SneakFeetApp.swift */ = {isa = PBXFileReference; lastKnownFileType = sourcecode.swift; path = SneakFeetApp.swift; sourceTree = "<group>"; };
		4B2EC3D52A1B7C980090A8D4 /* ContentView.swift */ = {isa = PBXFileReference; lastKnownFileType = sourcecode.swift; path = ContentView.swift; sourceTree = "<group>"; };
		4B2EC3D72A1B7C9A0090A8D4 /* Assets.xcassets */ = {isa = PBXFileReference; lastKnownFileType = folder.assetcatalog; path = Assets.xcassets; sourceTree = "<group>"; };
		4B2EC3DA2A1B7C9A0090A8D4 /* Preview Assets.xcassets */ = {isa = PBXFileReference; lastKnownFileType = folder.assetcatalog; path = "Preview Assets.xcassets"; sourceTree = "<group>"; };
		4B2EC3E22A1B7D080090A8D4 /* FirstOnboardingScreen.swift */ = {isa = PBXFileReference; lastKnownFileType = sourcecode.swift; path = FirstOnboardingScreen.swift; sourceTree = "<group>"; };
		4B2EC3E42A1B7D1B0090A8D4 /* SecondOnboardingScreen.swift */ = {isa = PBXFileReference; lastKnownFileType = sourcecode.swift; path = SecondOnboardingScreen.swift; sourceTree = "<group>"; };
		4B2EC3E62A1B7D2D0090A8D4 /* ThirdOnboardingScreen.swift */ = {isa = PBXFileReference; lastKnownFileType = sourcecode.swift; path = ThirdOnboardingScreen.swift; sourceTree = "<group>"; };
		4B2EC3E82A1B806D0090A8D4 /* OnboardingScreen.swift */ = {isa = PBXFileReference; lastKnownFileType = sourcecode.swift; path = OnboardingScreen.swift; sourceTree = "<group>"; };
		4B2EC3EB2A1B89480090A8D4 /* CustomButton.swift */ = {isa = PBXFileReference; lastKnownFileType = sourcecode.swift; path = CustomButton.swift; sourceTree = "<group>"; };
		4B2EC3EE2A1B9D900090A8D4 /* WelcomeScreenView.swift */ = {isa = PBXFileReference; lastKnownFileType = sourcecode.swift; path = WelcomeScreenView.swift; sourceTree = "<group>"; };
		4B2EC3F12A1BA6DA0090A8D4 /* SignUpScreen.swift */ = {isa = PBXFileReference; lastKnownFileType = sourcecode.swift; path = SignUpScreen.swift; sourceTree = "<group>"; };
		4B2EC3F32A1BA6EE0090A8D4 /* SignInScreen.swift */ = {isa = PBXFileReference; lastKnownFileType = sourcecode.swift; path = SignInScreen.swift; sourceTree = "<group>"; };
		4B2EC3F62A1DF8610090A8D4 /* CatalogScreenView.swift */ = {isa = PBXFileReference; lastKnownFileType = sourcecode.swift; path = CatalogScreenView.swift; sourceTree = "<group>"; };
		4B2EC3F82A1DF8830090A8D4 /* MainScreenView.swift */ = {isa = PBXFileReference; lastKnownFileType = sourcecode.swift; path = MainScreenView.swift; sourceTree = "<group>"; };
		4B2EC3FC2A1DF8BE0090A8D4 /* ProfileScreenView.swift */ = {isa = PBXFileReference; lastKnownFileType = sourcecode.swift; path = ProfileScreenView.swift; sourceTree = "<group>"; };
		4B2EC3FE2A1E09720090A8D4 /* WebView.swift */ = {isa = PBXFileReference; lastKnownFileType = sourcecode.swift; path = WebView.swift; sourceTree = "<group>"; };
		4B2EC4012A1E108D0090A8D4 /* AccountInfoScreenView.swift */ = {isa = PBXFileReference; lastKnownFileType = sourcecode.swift; path = AccountInfoScreenView.swift; sourceTree = "<group>"; };
		4B2EC4032A1E14180090A8D4 /* ShoeSizeScreenView.swift */ = {isa = PBXFileReference; lastKnownFileType = sourcecode.swift; path = ShoeSizeScreenView.swift; sourceTree = "<group>"; };
		4B2EC4062A1E1B8C0090A8D4 /* SneakFeetModal.swift */ = {isa = PBXFileReference; lastKnownFileType = sourcecode.swift; path = SneakFeetModal.swift; sourceTree = "<group>"; };
		4B2EC40D2A1E3AFC0090A8D4 /* CotologCardsRow.swift */ = {isa = PBXFileReference; lastKnownFileType = sourcecode.swift; path = CotologCardsRow.swift; sourceTree = "<group>"; };
		4B2EC4102A1E4C3E0090A8D4 /* CartScreenView.swift */ = {isa = PBXFileReference; lastKnownFileType = sourcecode.swift; path = CartScreenView.swift; sourceTree = "<group>"; };
		4B2EC4122A1E53820090A8D4 /* CustomChoose.swift */ = {isa = PBXFileReference; lastKnownFileType = sourcecode.swift; path = CustomChoose.swift; sourceTree = "<group>"; };
		4B2EC4182A1F3B8A0090A8D4 /* CartListScreenView.swift */ = {isa = PBXFileReference; lastKnownFileType = sourcecode.swift; path = CartListScreenView.swift; sourceTree = "<group>"; };
		4B2EC41A2A1F3BA50090A8D4 /* ListDesignView.swift */ = {isa = PBXFileReference; lastKnownFileType = sourcecode.swift; path = ListDesignView.swift; sourceTree = "<group>"; };
/* End PBXFileReference section */

/* Begin PBXFrameworksBuildPhase section */
		4B2EC3CD2A1B7C980090A8D4 /* Frameworks */ = {
			isa = PBXFrameworksBuildPhase;
			buildActionMask = 2147483647;
			files = (
			);
			runOnlyForDeploymentPostprocessing = 0;
		};
/* End PBXFrameworksBuildPhase section */

/* Begin PBXGroup section */
		4B2EC3C72A1B7C980090A8D4 = {
			isa = PBXGroup;
			children = (
				4B2EC3D22A1B7C980090A8D4 /* SneakFeet */,
				4B2EC3D12A1B7C980090A8D4 /* Products */,
			);
			sourceTree = "<group>";
		};
		4B2EC3D12A1B7C980090A8D4 /* Products */ = {
			isa = PBXGroup;
			children = (
				4B2EC3D02A1B7C980090A8D4 /* SneakFeet.app */,
			);
			name = Products;
			sourceTree = "<group>";
		};
		4B2EC3D22A1B7C980090A8D4 /* SneakFeet */ = {
			isa = PBXGroup;
			children = (
				4B2EC4052A1E1B700090A8D4 /* Modal */,
				4B2EC3F52A1DF83F0090A8D4 /* CatalogScreen */,
				4B2EC3ED2A1B9D7C0090A8D4 /* WelcomeScreen */,
				4B2EC3EA2A1B892F0090A8D4 /* CustomHelpers */,
				4B2EC3E12A1B7CA90090A8D4 /* Onboarding */,
				4B2EC3D32A1B7C980090A8D4 /* SneakFeetApp.swift */,
				4B2EC3D52A1B7C980090A8D4 /* ContentView.swift */,
				4B2EC3D72A1B7C9A0090A8D4 /* Assets.xcassets */,
				4B2EC3D92A1B7C9A0090A8D4 /* Preview Content */,
			);
			path = SneakFeet;
			sourceTree = "<group>";
		};
		4B2EC3D92A1B7C9A0090A8D4 /* Preview Content */ = {
			isa = PBXGroup;
			children = (
				4B2EC3DA2A1B7C9A0090A8D4 /* Preview Assets.xcassets */,
			);
			path = "Preview Content";
			sourceTree = "<group>";
		};
		4B2EC3E12A1B7CA90090A8D4 /* Onboarding */ = {
			isa = PBXGroup;
			children = (
				4B2EC3E82A1B806D0090A8D4 /* OnboardingScreen.swift */,
				4B2EC3E22A1B7D080090A8D4 /* FirstOnboardingScreen.swift */,
				4B2EC3E42A1B7D1B0090A8D4 /* SecondOnboardingScreen.swift */,
				4B2EC3E62A1B7D2D0090A8D4 /* ThirdOnboardingScreen.swift */,
			);
			path = Onboarding;
			sourceTree = "<group>";
		};
		4B2EC3EA2A1B892F0090A8D4 /* CustomHelpers */ = {
			isa = PBXGroup;
			children = (
				4B2EC3EB2A1B89480090A8D4 /* CustomButton.swift */,
				4B2EC3FE2A1E09720090A8D4 /* WebView.swift */,
				4B2EC4122A1E53820090A8D4 /* CustomChoose.swift */,
			);
			path = CustomHelpers;
			sourceTree = "<group>";
		};
		4B2EC3ED2A1B9D7C0090A8D4 /* WelcomeScreen */ = {
			isa = PBXGroup;
			children = (
				4B2EC3EE2A1B9D900090A8D4 /* WelcomeScreenView.swift */,
				4B2EC3F02A1BA6AD0090A8D4 /* Auth */,
			);
			path = WelcomeScreen;
			sourceTree = "<group>";
		};
		4B2EC3F02A1BA6AD0090A8D4 /* Auth */ = {
			isa = PBXGroup;
			children = (
				4B2EC3F12A1BA6DA0090A8D4 /* SignUpScreen.swift */,
				4B2EC3F32A1BA6EE0090A8D4 /* SignInScreen.swift */,
			);
			path = Auth;
			sourceTree = "<group>";
		};
		4B2EC3F52A1DF83F0090A8D4 /* CatalogScreen */ = {
			isa = PBXGroup;
			children = (
				4B2EC3F82A1DF8830090A8D4 /* MainScreenView.swift */,
				4B2EC4082A1E2D0B0090A8D4 /* CotologScreen */,
				4B2EC40F2A1E4BF00090A8D4 /* CartScreen */,
				4B2EC4002A1E10640090A8D4 /* ProfileScreen */,
			);
			path = CatalogScreen;
			sourceTree = "<group>";
		};
		4B2EC4002A1E10640090A8D4 /* ProfileScreen */ = {
			isa = PBXGroup;
			children = (
				4B2EC3FC2A1DF8BE0090A8D4 /* ProfileScreenView.swift */,
				4B2EC4012A1E108D0090A8D4 /* AccountInfoScreenView.swift */,
				4B2EC4032A1E14180090A8D4 /* ShoeSizeScreenView.swift */,
			);
			path = ProfileScreen;
			sourceTree = "<group>";
		};
		4B2EC4052A1E1B700090A8D4 /* Modal */ = {
			isa = PBXGroup;
			children = (
				4B2EC4062A1E1B8C0090A8D4 /* SneakFeetModal.swift */,
			);
			path = Modal;
			sourceTree = "<group>";
		};
		4B2EC4082A1E2D0B0090A8D4 /* CotologScreen */ = {
			isa = PBXGroup;
			children = (
				4B2EC3F62A1DF8610090A8D4 /* CatalogScreenView.swift */,
				4B2EC40D2A1E3AFC0090A8D4 /* CotologCardsRow.swift */,
			);
			path = CotologScreen;
			sourceTree = "<group>";
		};
		4B2EC40F2A1E4BF00090A8D4 /* CartScreen */ = {
			isa = PBXGroup;
			children = (
				4B2EC4102A1E4C3E0090A8D4 /* CartScreenView.swift */,
				4B2EC4182A1F3B8A0090A8D4 /* CartListScreenView.swift */,
				4B2EC41A2A1F3BA50090A8D4 /* ListDesignView.swift */,
			);
			path = CartScreen;
			sourceTree = "<group>";
		};
/* End PBXGroup section */

/* Begin PBXNativeTarget section */
		4B2EC3CF2A1B7C980090A8D4 /* SneakFeet */ = {
			isa = PBXNativeTarget;
			buildConfigurationList = 4B2EC3DE2A1B7C9A0090A8D4 /* Build configuration list for PBXNativeTarget "SneakFeet" */;
			buildPhases = (
				4B2EC3CC2A1B7C980090A8D4 /* Sources */,
				4B2EC3CD2A1B7C980090A8D4 /* Frameworks */,
				4B2EC3CE2A1B7C980090A8D4 /* Resources */,
			);
			buildRules = (
			);
			dependencies = (
			);
			name = SneakFeet;
			productName = SneakFeet;
			productReference = 4B2EC3D02A1B7C980090A8D4 /* SneakFeet.app */;
			productType = "com.apple.product-type.application";
		};
/* End PBXNativeTarget section */

/* Begin PBXProject section */
		4B2EC3C82A1B7C980090A8D4 /* Project object */ = {
			isa = PBXProject;
			attributes = {
				BuildIndependentTargetsInParallel = 1;
				LastSwiftUpdateCheck = 1430;
				LastUpgradeCheck = 1430;
				TargetAttributes = {
					4B2EC3CF2A1B7C980090A8D4 = {
						CreatedOnToolsVersion = 14.3;
					};
				};
			};
			buildConfigurationList = 4B2EC3CB2A1B7C980090A8D4 /* Build configuration list for PBXProject "SneakFeet" */;
			compatibilityVersion = "Xcode 14.0";
			developmentRegion = en;
			hasScannedForEncodings = 0;
			knownRegions = (
				en,
				Base,
			);
			mainGroup = 4B2EC3C72A1B7C980090A8D4;
			productRefGroup = 4B2EC3D12A1B7C980090A8D4 /* Products */;
			projectDirPath = "";
			projectRoot = "";
			targets = (
				4B2EC3CF2A1B7C980090A8D4 /* SneakFeet */,
			);
		};
/* End PBXProject section */

/* Begin PBXResourcesBuildPhase section */
		4B2EC3CE2A1B7C980090A8D4 /* Resources */ = {
			isa = PBXResourcesBuildPhase;
			buildActionMask = 2147483647;
			files = (
				4B2EC3DB2A1B7C9A0090A8D4 /* Preview Assets.xcassets in Resources */,
				4B2EC3D82A1B7C9A0090A8D4 /* Assets.xcassets in Resources */,
			);
			runOnlyForDeploymentPostprocessing = 0;
		};
/* End PBXResourcesBuildPhase section */

/* Begin PBXSourcesBuildPhase section */
		4B2EC3CC2A1B7C980090A8D4 /* Sources */ = {
			isa = PBXSourcesBuildPhase;
			buildActionMask = 2147483647;
			files = (
				4B2EC3D62A1B7C980090A8D4 /* ContentView.swift in Sources */,
				4B2EC4042A1E14180090A8D4 /* ShoeSizeScreenView.swift in Sources */,
				4B2EC3F42A1BA6EF0090A8D4 /* SignInScreen.swift in Sources */,
				4B2EC3F72A1DF8610090A8D4 /* CatalogScreenView.swift in Sources */,
				4B2EC4072A1E1B8C0090A8D4 /* SneakFeetModal.swift in Sources */,
				4B2EC3EF2A1B9D900090A8D4 /* WelcomeScreenView.swift in Sources */,
				4B2EC3FD2A1DF8BE0090A8D4 /* ProfileScreenView.swift in Sources */,
				4B2EC3F22A1BA6DA0090A8D4 /* SignUpScreen.swift in Sources */,
				4B2EC3FF2A1E09720090A8D4 /* WebView.swift in Sources */,
				4B2EC4192A1F3B8A0090A8D4 /* CartListScreenView.swift in Sources */,
				4B2EC4132A1E53820090A8D4 /* CustomChoose.swift in Sources */,
				4B2EC40E2A1E3AFC0090A8D4 /* CotologCardsRow.swift in Sources */,
				4B2EC3E32A1B7D080090A8D4 /* FirstOnboardingScreen.swift in Sources */,
				4B2EC3E92A1B806D0090A8D4 /* OnboardingScreen.swift in Sources */,
				4B2EC3F92A1DF8830090A8D4 /* MainScreenView.swift in Sources */,
				4B2EC4022A1E108D0090A8D4 /* AccountInfoScreenView.swift in Sources */,
				4B2EC3E72A1B7D2D0090A8D4 /* ThirdOnboardingScreen.swift in Sources */,
				4B2EC3EC2A1B89480090A8D4 /* CustomButton.swift in Sources */,
				4B2EC3E52A1B7D1B0090A8D4 /* SecondOnboardingScreen.swift in Sources */,
				4B2EC3D42A1B7C980090A8D4 /* SneakFeetApp.swift in Sources */,
				4B2EC41B2A1F3BA50090A8D4 /* ListDesignView.swift in Sources */,
				4B2EC4112A1E4C3E0090A8D4 /* CartScreenView.swift in Sources */,
			);
			runOnlyForDeploymentPostprocessing = 0;
		};
/* End PBXSourcesBuildPhase section */

/* Begin XCBuildConfiguration section */
		4B2EC3DC2A1B7C9A0090A8D4 /* Debug */ = {
			isa = XCBuildConfiguration;
			buildSettings = {
				ALWAYS_SEARCH_USER_PATHS = NO;
				CLANG_ANALYZER_NONNULL = YES;
				CLANG_ANALYZER_NUMBER_OBJECT_CONVERSION = YES_AGGRESSIVE;
				CLANG_CXX_LANGUAGE_STANDARD = "gnu++20";
				CLANG_ENABLE_MODULES = YES;
				CLANG_ENABLE_OBJC_ARC = YES;
				CLANG_ENABLE_OBJC_WEAK = YES;
				CLANG_WARN_BLOCK_CAPTURE_AUTORELEASING = YES;
				CLANG_WARN_BOOL_CONVERSION = YES;
				CLANG_WARN_COMMA = YES;
				CLANG_WARN_CONSTANT_CONVERSION = YES;
				CLANG_WARN_DEPRECATED_OBJC_IMPLEMENTATIONS = YES;
				CLANG_WARN_DIRECT_OBJC_ISA_USAGE = YES_ERROR;
				CLANG_WARN_DOCUMENTATION_COMMENTS = YES;
				CLANG_WARN_EMPTY_BODY = YES;
				CLANG_WARN_ENUM_CONVERSION = YES;
				CLANG_WARN_INFINITE_RECURSION = YES;
				CLANG_WARN_INT_CONVERSION = YES;
				CLANG_WARN_NON_LITERAL_NULL_CONVERSION = YES;
				CLANG_WARN_OBJC_IMPLICIT_RETAIN_SELF = YES;
				CLANG_WARN_OBJC_LITERAL_CONVERSION = YES;
				CLANG_WARN_OBJC_ROOT_CLASS = YES_ERROR;
				CLANG_WARN_QUOTED_INCLUDE_IN_FRAMEWORK_HEADER = YES;
				CLANG_WARN_RANGE_LOOP_ANALYSIS = YES;
				CLANG_WARN_STRICT_PROTOTYPES = YES;
				CLANG_WARN_SUSPICIOUS_MOVE = YES;
				CLANG_WARN_UNGUARDED_AVAILABILITY = YES_AGGRESSIVE;
				CLANG_WARN_UNREACHABLE_CODE = YES;
				CLANG_WARN__DUPLICATE_METHOD_MATCH = YES;
				COPY_PHASE_STRIP = NO;
				DEBUG_INFORMATION_FORMAT = dwarf;
				ENABLE_STRICT_OBJC_MSGSEND = YES;
				ENABLE_TESTABILITY = YES;
				GCC_C_LANGUAGE_STANDARD = gnu11;
				GCC_DYNAMIC_NO_PIC = NO;
				GCC_NO_COMMON_BLOCKS = YES;
				GCC_OPTIMIZATION_LEVEL = 0;
				GCC_PREPROCESSOR_DEFINITIONS = (
					"DEBUG=1",
					"$(inherited)",
				);
				GCC_WARN_64_TO_32_BIT_CONVERSION = YES;
				GCC_WARN_ABOUT_RETURN_TYPE = YES_ERROR;
				GCC_WARN_UNDECLARED_SELECTOR = YES;
				GCC_WARN_UNINITIALIZED_AUTOS = YES_AGGRESSIVE;
				GCC_WARN_UNUSED_FUNCTION = YES;
				GCC_WARN_UNUSED_VARIABLE = YES;
				IPHONEOS_DEPLOYMENT_TARGET = 16.4;
				MTL_ENABLE_DEBUG_INFO = INCLUDE_SOURCE;
				MTL_FAST_MATH = YES;
				ONLY_ACTIVE_ARCH = YES;
				SDKROOT = iphoneos;
				SWIFT_ACTIVE_COMPILATION_CONDITIONS = DEBUG;
				SWIFT_OPTIMIZATION_LEVEL = "-Onone";
			};
			name = Debug;
		};
		4B2EC3DD2A1B7C9A0090A8D4 /* Release */ = {
			isa = XCBuildConfiguration;
			buildSettings = {
				ALWAYS_SEARCH_USER_PATHS = NO;
				CLANG_ANALYZER_NONNULL = YES;
				CLANG_ANALYZER_NUMBER_OBJECT_CONVERSION = YES_AGGRESSIVE;
				CLANG_CXX_LANGUAGE_STANDARD = "gnu++20";
				CLANG_ENABLE_MODULES = YES;
				CLANG_ENABLE_OBJC_ARC = YES;
				CLANG_ENABLE_OBJC_WEAK = YES;
				CLANG_WARN_BLOCK_CAPTURE_AUTORELEASING = YES;
				CLANG_WARN_BOOL_CONVERSION = YES;
				CLANG_WARN_COMMA = YES;
				CLANG_WARN_CONSTANT_CONVERSION = YES;
				CLANG_WARN_DEPRECATED_OBJC_IMPLEMENTATIONS = YES;
				CLANG_WARN_DIRECT_OBJC_ISA_USAGE = YES_ERROR;
				CLANG_WARN_DOCUMENTATION_COMMENTS = YES;
				CLANG_WARN_EMPTY_BODY = YES;
				CLANG_WARN_ENUM_CONVERSION = YES;
				CLANG_WARN_INFINITE_RECURSION = YES;
				CLANG_WARN_INT_CONVERSION = YES;
				CLANG_WARN_NON_LITERAL_NULL_CONVERSION = YES;
				CLANG_WARN_OBJC_IMPLICIT_RETAIN_SELF = YES;
				CLANG_WARN_OBJC_LITERAL_CONVERSION = YES;
				CLANG_WARN_OBJC_ROOT_CLASS = YES_ERROR;
				CLANG_WARN_QUOTED_INCLUDE_IN_FRAMEWORK_HEADER = YES;
				CLANG_WARN_RANGE_LOOP_ANALYSIS = YES;
				CLANG_WARN_STRICT_PROTOTYPES = YES;
				CLANG_WARN_SUSPICIOUS_MOVE = YES;
				CLANG_WARN_UNGUARDED_AVAILABILITY = YES_AGGRESSIVE;
				CLANG_WARN_UNREACHABLE_CODE = YES;
				CLANG_WARN__DUPLICATE_METHOD_MATCH = YES;
				COPY_PHASE_STRIP = NO;
				DEBUG_INFORMATION_FORMAT = "dwarf-with-dsym";
				ENABLE_NS_ASSERTIONS = NO;
				ENABLE_STRICT_OBJC_MSGSEND = YES;
				GCC_C_LANGUAGE_STANDARD = gnu11;
				GCC_NO_COMMON_BLOCKS = YES;
				GCC_WARN_64_TO_32_BIT_CONVERSION = YES;
				GCC_WARN_ABOUT_RETURN_TYPE = YES_ERROR;
				GCC_WARN_UNDECLARED_SELECTOR = YES;
				GCC_WARN_UNINITIALIZED_AUTOS = YES_AGGRESSIVE;
				GCC_WARN_UNUSED_FUNCTION = YES;
				GCC_WARN_UNUSED_VARIABLE = YES;
				IPHONEOS_DEPLOYMENT_TARGET = 16.4;
				MTL_ENABLE_DEBUG_INFO = NO;
				MTL_FAST_MATH = YES;
				SDKROOT = iphoneos;
				SWIFT_COMPILATION_MODE = wholemodule;
				SWIFT_OPTIMIZATION_LEVEL = "-O";
				VALIDATE_PRODUCT = YES;
			};
			name = Release;
		};
		4B2EC3DF2A1B7C9A0090A8D4 /* Debug */ = {
			isa = XCBuildConfiguration;
			buildSettings = {
				ASSETCATALOG_COMPILER_APPICON_NAME = AppIcon;
				ASSETCATALOG_COMPILER_GLOBAL_ACCENT_COLOR_NAME = AccentColor;
				CODE_SIGN_STYLE = Automatic;
				CURRENT_PROJECT_VERSION = 1;
				DEVELOPMENT_ASSET_PATHS = "\"SneakFeet/Preview Content\"";
				DEVELOPMENT_TEAM = H2MWQXR936;
				ENABLE_PREVIEWS = YES;
				GENERATE_INFOPLIST_FILE = YES;
				INFOPLIST_KEY_UIApplicationSceneManifest_Generation = YES;
				INFOPLIST_KEY_UIApplicationSupportsIndirectInputEvents = YES;
				INFOPLIST_KEY_UILaunchScreen_Generation = YES;
				INFOPLIST_KEY_UISupportedInterfaceOrientations_iPad = "UIInterfaceOrientationPortrait UIInterfaceOrientationPortraitUpsideDown UIInterfaceOrientationLandscapeLeft UIInterfaceOrientationLandscapeRight";
				INFOPLIST_KEY_UISupportedInterfaceOrientations_iPhone = "UIInterfaceOrientationPortrait UIInterfaceOrientationLandscapeLeft UIInterfaceOrientationLandscapeRight";
				LD_RUNPATH_SEARCH_PATHS = (
					"$(inherited)",
					"@executable_path/Frameworks",
				);
				MARKETING_VERSION = 1.0;
				PRODUCT_BUNDLE_IDENTIFIER = com.bibitm.SneakFeet;
				PRODUCT_NAME = "$(TARGET_NAME)";
				SWIFT_EMIT_LOC_STRINGS = YES;
				SWIFT_VERSION = 5.0;
				TARGETED_DEVICE_FAMILY = "1,2";
			};
			name = Debug;
		};
		4B2EC3E02A1B7C9A0090A8D4 /* Release */ = {
			isa = XCBuildConfiguration;
			buildSettings = {
				ASSETCATALOG_COMPILER_APPICON_NAME = AppIcon;
				ASSETCATALOG_COMPILER_GLOBAL_ACCENT_COLOR_NAME = AccentColor;
				CODE_SIGN_STYLE = Automatic;
				CURRENT_PROJECT_VERSION = 1;
				DEVELOPMENT_ASSET_PATHS = "\"SneakFeet/Preview Content\"";
				DEVELOPMENT_TEAM = H2MWQXR936;
				ENABLE_PREVIEWS = YES;
				GENERATE_INFOPLIST_FILE = YES;
				INFOPLIST_KEY_UIApplicationSceneManifest_Generation = YES;
				INFOPLIST_KEY_UIApplicationSupportsIndirectInputEvents = YES;
				INFOPLIST_KEY_UILaunchScreen_Generation = YES;
				INFOPLIST_KEY_UISupportedInterfaceOrientations_iPad = "UIInterfaceOrientationPortrait UIInterfaceOrientationPortraitUpsideDown UIInterfaceOrientationLandscapeLeft UIInterfaceOrientationLandscapeRight";
				INFOPLIST_KEY_UISupportedInterfaceOrientations_iPhone = "UIInterfaceOrientationPortrait UIInterfaceOrientationLandscapeLeft UIInterfaceOrientationLandscapeRight";
				LD_RUNPATH_SEARCH_PATHS = (
					"$(inherited)",
					"@executable_path/Frameworks",
				);
				MARKETING_VERSION = 1.0;
				PRODUCT_BUNDLE_IDENTIFIER = com.bibitm.SneakFeet;
				PRODUCT_NAME = "$(TARGET_NAME)";
				SWIFT_EMIT_LOC_STRINGS = YES;
				SWIFT_VERSION = 5.0;
				TARGETED_DEVICE_FAMILY = "1,2";
			};
			name = Release;
		};
/* End XCBuildConfiguration section */

/* Begin XCConfigurationList section */
		4B2EC3CB2A1B7C980090A8D4 /* Build configuration list for PBXProject "SneakFeet" */ = {
			isa = XCConfigurationList;
			buildConfigurations = (
				4B2EC3DC2A1B7C9A0090A8D4 /* Debug */,
				4B2EC3DD2A1B7C9A0090A8D4 /* Release */,
			);
			defaultConfigurationIsVisible = 0;
			defaultConfigurationName = Release;
		};
		4B2EC3DE2A1B7C9A0090A8D4 /* Build configuration list for PBXNativeTarget "SneakFeet" */ = {
			isa = XCConfigurationList;
			buildConfigurations = (
				4B2EC3DF2A1B7C9A0090A8D4 /* Debug */,
				4B2EC3E02A1B7C9A0090A8D4 /* Release */,
			);
			defaultConfigurationIsVisible = 0;
			defaultConfigurationName = Release;
		};
/* End XCConfigurationList section */
	};
	rootObject = 4B2EC3C82A1B7C980090A8D4 /* Project object */;
}
